
Microsoft Visual Studio Solution File, Format Version 12.00
# Visual Studio Version 16
VisualStudioVersion = 16.0.30621.155
MinimumVisualStudioVersion = 10.0.40219.1
Project("{FAE04EC0-301F-11D3-BF4B-00C04F79EFBC}") = "Cardinal", "Cardinal.csproj", "{A145166E-57F6-49CC-BF9E-7938E8F4A096}"
EndProject
Global
	GlobalSection(SolutionConfigurationPlatforms) = preSolution
		Debug|Any CPU = Debug|Any CPU
		Release|Any CPU = Release|Any CPU
	EndGlobalSection
	GlobalSection(ProjectConfigurationPlatforms) = postSolution
		{A145166E-57F6-49CC-BF9E-7938E8F4A096}.Debug|Any CPU.ActiveCfg = Debug|Any CPU
		{A145166E-57F6-49CC-BF9E-7938E8F4A096}.Debug|Any CPU.Build.0 = Debug|Any CPU
		{A145166E-57F6-49CC-BF9E-7938E8F4A096}.Release|Any CPU.ActiveCfg = Release|Any CPU
		{A145166E-57F6-49CC-BF9E-7938E8F4A096}.Release|Any CPU.Build.0 = Release|Any CPU
	EndGlobalSection
	GlobalSection(SolutionProperties) = preSolution
		HideSolutionNode = FALSE
	EndGlobalSection
	GlobalSection(ExtensibilityGlobals) = postSolution
		SolutionGuid = {099A9A46-3E40-47BF-A17E-B4BAA6B5A563}
	EndGlobalSection
EndGlobal
